<?xml version="1.0" encoding="utf-8"?>
<Project ToolsVersion="4.0" xmlns="http://schemas.microsoft.com/developer/msbuild/2003">
  <ItemGroup>
    <Filter Include="Source Files">
      <UniqueIdentifier>{4FC737F1-C7A5-4376-A066-2A32D752A2FF}</UniqueIdentifier>
      <Extensions>cpp;c;cc;cxx;c++;cppm;ixx;def;odl;idl;hpj;bat;asm;asmx</Extensions>
    </Filter>
    <Filter Include="Header Files">
      <UniqueIdentifier>{93995380-89BD-4b04-88EB-625FBE52EBFB}</UniqueIdentifier>
      <Extensions>h;hh;hpp;hxx;h++;hm;inl;inc;ipp;xsd</Extensions>
    </Filter>
    <Filter Include="Resource Files">
      <UniqueIdentifier>{67DA6AB6-F800-4c08-8B7A-83BB121AAD01}</UniqueIdentifier>
      <Extensions>rc;ico;cur;bmp;dlg;rc2;rct;bin;rgs;gif;jpg;jpeg;jpe;resx;tiff;tif;png;wav;mfcribbon-ms</Extensions>
    </Filter>
    <Filter Include="Source Files\Creators">
      <UniqueIdentifier>{8a1e3f82-01dc-431a-bf6b-328e60499bc5}</UniqueIdentifier>
    </Filter>
    <Filter Include="Header Files\Creators">
      <UniqueIdentifier>{6fb6f229-a592-44e7-b8fe-17257b2033a3}</UniqueIdentifier>
    </Filter>
    <Filter Include="Source Files\Properties">
      <UniqueIdentifier>{e44c8e77-6d11-483a-8f59-a28c71a1a092}</UniqueIdentifier>
    </Filter>
    <Filter Include="Header Files\Properties">
      <UniqueIdentifier>{c53813ef-1b82-4243-9d05-1a731a61bce6}</UniqueIdentifier>
    </Filter>
  </ItemGroup>
  <ItemGroup>
    <ClCompile Include="Main.cpp">
      <Filter>Source Files</Filter>
    </ClCompile>
    <ClCompile Include="BlockType.cpp">
      <Filter>Source Files</Filter>
    </ClCompile>
    <ClCompile Include="Names.cpp">
      <Filter>Source Files</Filter>
    </ClCompile>
    <ClCompile Include="Types.cpp">
      <Filter>Source Files</Filter>
    </ClCompile>
    <ClCompile Include="BlockCreator.cpp">
      <Filter>Source Files\Creators</Filter>
    </ClCompile>
    <ClCompile Include="StairCreator.cpp">
      <Filter>Source Files\Creators</Filter>
    </ClCompile>
    <ClCompile Include="SlabCreator.cpp">
      <Filter>Source Files\Creators</Filter>
    </ClCompile>
    <ClCompile Include="Properties.cpp">
      <Filter>Source Files\Properties</Filter>
    </ClCompile>
    <ClCompile Include="PropertyManipulator.cpp">
      <Filter>Source Files\Properties</Filter>
    </ClCompile>
  </ItemGroup>
  <ItemGroup>
    <ClInclude Include="Main.h">
      <Filter>Header Files</Filter>
    </ClInclude>
    <ClInclude Include="BlockType.h">
      <Filter>Header Files</Filter>
    </ClInclude>
    <ClInclude Include="Names.h">
      <Filter>Header Files</Filter>
    </ClInclude>
    <ClInclude Include="BlockCreator.h">
      <Filter>Header Files\Creators</Filter>
    </ClInclude>
    <ClInclude Include="StairCreator.h">
      <Filter>Header Files\Creators</Filter>
    </ClInclude>
    <ClInclude Include="SlabCreator.h">
      <Filter>Header Files\Creators</Filter>
    </ClInclude>
    <ClInclude Include="Properties.h">
      <Filter>Header Files\Properties</Filter>
    </ClInclude>
    <ClInclude Include="PropertyManipulator.h">
      <Filter>Header Files\Properties</Filter>
    </ClInclude>
  </ItemGroup>
</Project>